
Microsoft Visual Studio Solution File, Format Version 12.00
# Visual Studio Version 17
VisualStudioVersion = 17.13.35919.96 d17.13
MinimumVisualStudioVersion = 10.0.40219.1
Project("{FAE04EC0-301F-11D3-BF4B-00C04F79EFBC}") = "pr13_UP", "pr13_UP.csproj", "{D4405212-61F5-48DC-A87B-F2424CF54699}"
EndProject
Global
	GlobalSection(SolutionConfigurationPlatforms) = preSolution
		Debug|Any CPU = Debug|Any CPU
		Release|Any CPU = Release|Any CPU
	EndGlobalSection
	GlobalSection(ProjectConfigurationPlatforms) = postSolution
		{D4405212-61F5-48DC-A87B-F2424CF54699}.Debug|Any CPU.ActiveCfg = Debug|Any CPU
		{D4405212-61F5-48DC-A87B-F2424CF54699}.Debug|Any CPU.Build.0 = Debug|Any CPU
		{D4405212-61F5-48DC-A87B-F2424CF54699}.Release|Any CPU.ActiveCfg = Release|Any CPU
		{D4405212-61F5-48DC-A87B-F2424CF54699}.Release|Any CPU.Build.0 = Release|Any CPU
	EndGlobalSection
	GlobalSection(SolutionProperties) = preSolution
		HideSolutionNode = FALSE
	EndGlobalSection
	GlobalSection(ExtensibilityGlobals) = postSolution
		SolutionGuid = {2A98E086-5559-437A-9190-7D8C8C27C709}
	EndGlobalSection
EndGlobal
